// !$*UTF8*$!
{
	archiveVersion = 1;
	classes = {
	};
	objectVersion = 50;
	objects = {

/* Begin PBXBuildFile section */
		2E3D47AB8C93C2A1E4A893AD /* Pods_treehacks_mappal_ios.framework in Frameworks */ = {isa = PBXBuildFile; fileRef = 9810943244C9B8FAFFCF5DBB /* Pods_treehacks_mappal_ios.framework */; };
		5380088122189FEA00CF0ADB /* AppDelegate.swift in Sources */ = {isa = PBXBuildFile; fileRef = 5380088022189FEA00CF0ADB /* AppDelegate.swift */; };
		5380088322189FEA00CF0ADB /* ViewController.swift in Sources */ = {isa = PBXBuildFile; fileRef = 5380088222189FEA00CF0ADB /* ViewController.swift */; };
		5380088622189FEA00CF0ADB /* Main.storyboard in Resources */ = {isa = PBXBuildFile; fileRef = 5380088422189FEA00CF0ADB /* Main.storyboard */; };
		5380088822189FEC00CF0ADB /* Assets.xcassets in Resources */ = {isa = PBXBuildFile; fileRef = 5380088722189FEC00CF0ADB /* Assets.xcassets */; };
		5380088B22189FEC00CF0ADB /* LaunchScreen.storyboard in Resources */ = {isa = PBXBuildFile; fileRef = 5380088922189FEC00CF0ADB /* LaunchScreen.storyboard */; };
		538008932219114E00CF0ADB /* WebClient.swift in Sources */ = {isa = PBXBuildFile; fileRef = 538008922219114E00CF0ADB /* WebClient.swift */; };
		5380089522191F4D00CF0ADB /* SecurityScore.swift in Sources */ = {isa = PBXBuildFile; fileRef = 5380089422191F4D00CF0ADB /* SecurityScore.swift */; };
		53805CEB224D9F9100206D40 /* treehacks_mappal_iosUITests.swift in Sources */ = {isa = PBXBuildFile; fileRef = 53805CEA224D9F9100206D40 /* treehacks_mappal_iosUITests.swift */; };
/* End PBXBuildFile section */

/* Begin PBXContainerItemProxy section */
		53805CED224D9F9100206D40 /* PBXContainerItemProxy */ = {
			isa = PBXContainerItemProxy;
			containerPortal = 5380087522189FEA00CF0ADB /* Project object */;
			proxyType = 1;
			remoteGlobalIDString = 5380087C22189FEA00CF0ADB;
			remoteInfo = "treehacks-mappal-ios";
		};
/* End PBXContainerItemProxy section */

/* Begin PBXFileReference section */
		5380087D22189FEA00CF0ADB /* treehacks-mappal-ios.app */ = {isa = PBXFileReference; explicitFileType = wrapper.application; includeInIndex = 0; path = "treehacks-mappal-ios.app"; sourceTree = BUILT_PRODUCTS_DIR; };
		5380088022189FEA00CF0ADB /* AppDelegate.swift */ = {isa = PBXFileReference; lastKnownFileType = sourcecode.swift; path = AppDelegate.swift; sourceTree = "<group>"; };
		5380088222189FEA00CF0ADB /* ViewController.swift */ = {isa = PBXFileReference; lastKnownFileType = sourcecode.swift; path = ViewController.swift; sourceTree = "<group>"; };
		5380088522189FEA00CF0ADB /* Base */ = {isa = PBXFileReference; lastKnownFileType = file.storyboard; name = Base; path = Base.lproj/Main.storyboard; sourceTree = "<group>"; };
		5380088722189FEC00CF0ADB /* Assets.xcassets */ = {isa = PBXFileReference; lastKnownFileType = folder.assetcatalog; path = Assets.xcassets; sourceTree = "<group>"; };
		5380088A22189FEC00CF0ADB /* Base */ = {isa = PBXFileReference; lastKnownFileType = file.storyboard; name = Base; path = Base.lproj/LaunchScreen.storyboard; sourceTree = "<group>"; };
		5380088C22189FEC00CF0ADB /* Info.plist */ = {isa = PBXFileReference; lastKnownFileType = text.plist.xml; path = Info.plist; sourceTree = "<group>"; };
		538008922219114E00CF0ADB /* WebClient.swift */ = {isa = PBXFileReference; lastKnownFileType = sourcecode.swift; path = WebClient.swift; sourceTree = "<group>"; };
		5380089422191F4D00CF0ADB /* SecurityScore.swift */ = {isa = PBXFileReference; lastKnownFileType = sourcecode.swift; path = SecurityScore.swift; sourceTree = "<group>"; };
		53805CE8224D9F9100206D40 /* treehacks-mappal-iosUITests.xctest */ = {isa = PBXFileReference; explicitFileType = wrapper.cfbundle; includeInIndex = 0; path = "treehacks-mappal-iosUITests.xctest"; sourceTree = BUILT_PRODUCTS_DIR; };
		53805CEA224D9F9100206D40 /* treehacks_mappal_iosUITests.swift */ = {isa = PBXFileReference; lastKnownFileType = sourcecode.swift; path = treehacks_mappal_iosUITests.swift; sourceTree = "<group>"; };
		53805CEC224D9F9100206D40 /* Info.plist */ = {isa = PBXFileReference; lastKnownFileType = text.plist.xml; path = Info.plist; sourceTree = "<group>"; };
		71D981B9590477B142632003 /* Pods-treehacks-mappal-ios.release.xcconfig */ = {isa = PBXFileReference; includeInIndex = 1; lastKnownFileType = text.xcconfig; name = "Pods-treehacks-mappal-ios.release.xcconfig"; path = "Pods/Target Support Files/Pods-treehacks-mappal-ios/Pods-treehacks-mappal-ios.release.xcconfig"; sourceTree = "<group>"; };
		9810943244C9B8FAFFCF5DBB /* Pods_treehacks_mappal_ios.framework */ = {isa = PBXFileReference; explicitFileType = wrapper.framework; includeInIndex = 0; path = Pods_treehacks_mappal_ios.framework; sourceTree = BUILT_PRODUCTS_DIR; };
		B47F1FA10B0DD9A43F7F4B16 /* Pods-treehacks-mappal-ios.debug.xcconfig */ = {isa = PBXFileReference; includeInIndex = 1; lastKnownFileType = text.xcconfig; name = "Pods-treehacks-mappal-ios.debug.xcconfig"; path = "Pods/Target Support Files/Pods-treehacks-mappal-ios/Pods-treehacks-mappal-ios.debug.xcconfig"; sourceTree = "<group>"; };
/* End PBXFileReference section */

/* Begin PBXFrameworksBuildPhase section */
		5380087A22189FEA00CF0ADB /* Frameworks */ = {
			isa = PBXFrameworksBuildPhase;
			buildActionMask = 2147483647;
			files = (
				2E3D47AB8C93C2A1E4A893AD /* Pods_treehacks_mappal_ios.framework in Frameworks */,
			);
			runOnlyForDeploymentPostprocessing = 0;
		};
		53805CE5224D9F9100206D40 /* Frameworks */ = {
			isa = PBXFrameworksBuildPhase;
			buildActionMask = 2147483647;
			files = (
			);
			runOnlyForDeploymentPostprocessing = 0;
		};
/* End PBXFrameworksBuildPhase section */

/* Begin PBXGroup section */
		5380087422189FEA00CF0ADB = {
			isa = PBXGroup;
			children = (
				5380087F22189FEA00CF0ADB /* treehacks-mappal-ios */,
				53805CE9224D9F9100206D40 /* treehacks-mappal-iosUITests */,
				5380087E22189FEA00CF0ADB /* Products */,
				92D1AF7EE085C7FA95731DBF /* Pods */,
				76AB66587F5E5985E85CB650 /* Frameworks */,
			);
			sourceTree = "<group>";
		};
		5380087E22189FEA00CF0ADB /* Products */ = {
			isa = PBXGroup;
			children = (
				5380087D22189FEA00CF0ADB /* treehacks-mappal-ios.app */,
				53805CE8224D9F9100206D40 /* treehacks-mappal-iosUITests.xctest */,
			);
			name = Products;
			sourceTree = "<group>";
		};
		5380087F22189FEA00CF0ADB /* treehacks-mappal-ios */ = {
			isa = PBXGroup;
			children = (
				5380088022189FEA00CF0ADB /* AppDelegate.swift */,
				5380088222189FEA00CF0ADB /* ViewController.swift */,
				5380089422191F4D00CF0ADB /* SecurityScore.swift */,
				538008922219114E00CF0ADB /* WebClient.swift */,
				5380088422189FEA00CF0ADB /* Main.storyboard */,
				5380088722189FEC00CF0ADB /* Assets.xcassets */,
				5380088922189FEC00CF0ADB /* LaunchScreen.storyboard */,
				5380088C22189FEC00CF0ADB /* Info.plist */,
			);
			path = "treehacks-mappal-ios";
			sourceTree = "<group>";
		};
		53805CE9224D9F9100206D40 /* treehacks-mappal-iosUITests */ = {
			isa = PBXGroup;
			children = (
				53805CEA224D9F9100206D40 /* treehacks_mappal_iosUITests.swift */,
				53805CEC224D9F9100206D40 /* Info.plist */,
			);
			path = "treehacks-mappal-iosUITests";
			sourceTree = "<group>";
		};
		76AB66587F5E5985E85CB650 /* Frameworks */ = {
			isa = PBXGroup;
			children = (
				9810943244C9B8FAFFCF5DBB /* Pods_treehacks_mappal_ios.framework */,
			);
			name = Frameworks;
			sourceTree = "<group>";
		};
		92D1AF7EE085C7FA95731DBF /* Pods */ = {
			isa = PBXGroup;
			children = (
				B47F1FA10B0DD9A43F7F4B16 /* Pods-treehacks-mappal-ios.debug.xcconfig */,
				71D981B9590477B142632003 /* Pods-treehacks-mappal-ios.release.xcconfig */,
			);
			name = Pods;
			sourceTree = "<group>";
		};
/* End PBXGroup section */

/* Begin PBXNativeTarget section */
		5380087C22189FEA00CF0ADB /* treehacks-mappal-ios */ = {
			isa = PBXNativeTarget;
			buildConfigurationList = 5380088F22189FEC00CF0ADB /* Build configuration list for PBXNativeTarget "treehacks-mappal-ios" */;
			buildPhases = (
				94C60324FA47A8AD95F7987E /* [CP] Check Pods Manifest.lock */,
				5380087922189FEA00CF0ADB /* Sources */,
				5380087A22189FEA00CF0ADB /* Frameworks */,
				5380087B22189FEA00CF0ADB /* Resources */,
				852488C9E7C6539CA957FCEC /* [CP] Copy Pods Resources */,
				3EA604A144FAD315E664645F /* [CP] Embed Pods Frameworks */,
			);
			buildRules = (
			);
			dependencies = (
			);
			name = "treehacks-mappal-ios";
			productName = "treehacks-mappal-ios";
			productReference = 5380087D22189FEA00CF0ADB /* treehacks-mappal-ios.app */;
			productType = "com.apple.product-type.application";
		};
		53805CE7224D9F9100206D40 /* treehacks-mappal-iosUITests */ = {
			isa = PBXNativeTarget;
			buildConfigurationList = 53805CEF224D9F9100206D40 /* Build configuration list for PBXNativeTarget "treehacks-mappal-iosUITests" */;
			buildPhases = (
				53805CE4224D9F9100206D40 /* Sources */,
				53805CE5224D9F9100206D40 /* Frameworks */,
				53805CE6224D9F9100206D40 /* Resources */,
			);
			buildRules = (
			);
			dependencies = (
				53805CEE224D9F9100206D40 /* PBXTargetDependency */,
			);
			name = "treehacks-mappal-iosUITests";
			productName = "treehacks-mappal-iosUITests";
			productReference = 53805CE8224D9F9100206D40 /* treehacks-mappal-iosUITests.xctest */;
			productType = "com.apple.product-type.bundle.ui-testing";
		};
/* End PBXNativeTarget section */

/* Begin PBXProject section */
		5380087522189FEA00CF0ADB /* Project object */ = {
			isa = PBXProject;
			attributes = {
				LastSwiftUpdateCheck = 1020;
				LastUpgradeCheck = 1010;
				ORGANIZATIONNAME = mappal;
				TargetAttributes = {
					5380087C22189FEA00CF0ADB = {
						CreatedOnToolsVersion = 10.1;
						SystemCapabilities = {
							com.apple.BackgroundModes = {
								enabled = 1;
							};
						};
					};
					53805CE7224D9F9100206D40 = {
						CreatedOnToolsVersion = 10.2;
						TestTargetID = 5380087C22189FEA00CF0ADB;
					};
				};
			};
			buildConfigurationList = 5380087822189FEA00CF0ADB /* Build configuration list for PBXProject "treehacks-mappal-ios" */;
			compatibilityVersion = "Xcode 9.3";
			developmentRegion = en;
			hasScannedForEncodings = 0;
			knownRegions = (
				en,
				Base,
			);
			mainGroup = 5380087422189FEA00CF0ADB;
			productRefGroup = 5380087E22189FEA00CF0ADB /* Products */;
			projectDirPath = "";
			projectRoot = "";
			targets = (
				5380087C22189FEA00CF0ADB /* treehacks-mappal-ios */,
				53805CE7224D9F9100206D40 /* treehacks-mappal-iosUITests */,
			);
		};
/* End PBXProject section */

/* Begin PBXResourcesBuildPhase section */
		5380087B22189FEA00CF0ADB /* Resources */ = {
			isa = PBXResourcesBuildPhase;
			buildActionMask = 2147483647;
			files = (
				5380088B22189FEC00CF0ADB /* LaunchScreen.storyboard in Resources */,
				5380088822189FEC00CF0ADB /* Assets.xcassets in Resources */,
				5380088622189FEA00CF0ADB /* Main.storyboard in Resources */,
			);
			runOnlyForDeploymentPostprocessing = 0;
		};
		53805CE6224D9F9100206D40 /* Resources */ = {
			isa = PBXResourcesBuildPhase;
			buildActionMask = 2147483647;
			files = (
			);
			runOnlyForDeploymentPostprocessing = 0;
		};
/* End PBXResourcesBuildPhase section */

/* Begin PBXShellScriptBuildPhase section */
		3EA604A144FAD315E664645F /* [CP] Embed Pods Frameworks */ = {
			isa = PBXShellScriptBuildPhase;
			buildActionMask = 2147483647;
			files = (
			);
			inputFileListPaths = (
			);
			inputPaths = (
				"${SRCROOT}/Pods/Target Support Files/Pods-treehacks-mappal-ios/Pods-treehacks-mappal-ios-frameworks.sh",
				"${BUILT_PRODUCTS_DIR}/Toast-Swift/Toast_Swift.framework",
			);
			name = "[CP] Embed Pods Frameworks";
			outputFileListPaths = (
			);
			outputPaths = (
				"${TARGET_BUILD_DIR}/${FRAMEWORKS_FOLDER_PATH}/Toast_Swift.framework",
			);
			runOnlyForDeploymentPostprocessing = 0;
			shellPath = /bin/sh;
			shellScript = "\"${SRCROOT}/Pods/Target Support Files/Pods-treehacks-mappal-ios/Pods-treehacks-mappal-ios-frameworks.sh\"\n";
			showEnvVarsInLog = 0;
		};
		852488C9E7C6539CA957FCEC /* [CP] Copy Pods Resources */ = {
			isa = PBXShellScriptBuildPhase;
			buildActionMask = 2147483647;
			files = (
			);
			inputFileListPaths = (
			);
			inputPaths = (
				"${SRCROOT}/Pods/Target Support Files/Pods-treehacks-mappal-ios/Pods-treehacks-mappal-ios-resources.sh",
				"${PODS_ROOT}/GoogleMaps/Maps/Frameworks/GoogleMaps.framework/Resources/GoogleMaps.bundle",
				"${PODS_ROOT}/GooglePlaces/Frameworks/GooglePlaces.framework/Resources/GooglePlaces.bundle",
			);
			name = "[CP] Copy Pods Resources";
			outputFileListPaths = (
			);
			outputPaths = (
				"${TARGET_BUILD_DIR}/${UNLOCALIZED_RESOURCES_FOLDER_PATH}/GoogleMaps.bundle",
				"${TARGET_BUILD_DIR}/${UNLOCALIZED_RESOURCES_FOLDER_PATH}/GooglePlaces.bundle",
			);
			runOnlyForDeploymentPostprocessing = 0;
			shellPath = /bin/sh;
			shellScript = "\"${SRCROOT}/Pods/Target Support Files/Pods-treehacks-mappal-ios/Pods-treehacks-mappal-ios-resources.sh\"\n";
			showEnvVarsInLog = 0;
		};
		94C60324FA47A8AD95F7987E /* [CP] Check Pods Manifest.lock */ = {
			isa = PBXShellScriptBuildPhase;
			buildActionMask = 2147483647;
			files = (
			);
			inputFileListPaths = (
			);
			inputPaths = (
				"${PODS_PODFILE_DIR_PATH}/Podfile.lock",
				"${PODS_ROOT}/Manifest.lock",
			);
			name = "[CP] Check Pods Manifest.lock";
			outputFileListPaths = (
			);
			outputPaths = (
				"$(DERIVED_FILE_DIR)/Pods-treehacks-mappal-ios-checkManifestLockResult.txt",
			);
			runOnlyForDeploymentPostprocessing = 0;
			shellPath = /bin/sh;
			shellScript = "diff \"${PODS_PODFILE_DIR_PATH}/Podfile.lock\" \"${PODS_ROOT}/Manifest.lock\" > /dev/null\nif [ $? != 0 ] ; then\n    # print error to STDERR\n    echo \"error: The sandbox is not in sync with the Podfile.lock. Run 'pod install' or update your CocoaPods installation.\" >&2\n    exit 1\nfi\n# This output is used by Xcode 'outputs' to avoid re-running this script phase.\necho \"SUCCESS\" > \"${SCRIPT_OUTPUT_FILE_0}\"\n";
			showEnvVarsInLog = 0;
		};
/* End PBXShellScriptBuildPhase section */

/* Begin PBXSourcesBuildPhase section */
		5380087922189FEA00CF0ADB /* Sources */ = {
			isa = PBXSourcesBuildPhase;
			buildActionMask = 2147483647;
			files = (
				5380088322189FEA00CF0ADB /* ViewController.swift in Sources */,
				5380088122189FEA00CF0ADB /* AppDelegate.swift in Sources */,
				5380089522191F4D00CF0ADB /* SecurityScore.swift in Sources */,
				538008932219114E00CF0ADB /* WebClient.swift in Sources */,
			);
			runOnlyForDeploymentPostprocessing = 0;
		};
		53805CE4224D9F9100206D40 /* Sources */ = {
			isa = PBXSourcesBuildPhase;
			buildActionMask = 2147483647;
			files = (
				53805CEB224D9F9100206D40 /* treehacks_mappal_iosUITests.swift in Sources */,
			);
			runOnlyForDeploymentPostprocessing = 0;
		};
/* End PBXSourcesBuildPhase section */

/* Begin PBXTargetDependency section */
		53805CEE224D9F9100206D40 /* PBXTargetDependency */ = {
			isa = PBXTargetDependency;
			target = 5380087C22189FEA00CF0ADB /* treehacks-mappal-ios */;
			targetProxy = 53805CED224D9F9100206D40 /* PBXContainerItemProxy */;
		};
/* End PBXTargetDependency section */

/* Begin PBXVariantGroup section */
		5380088422189FEA00CF0ADB /* Main.storyboard */ = {
			isa = PBXVariantGroup;
			children = (
				5380088522189FEA00CF0ADB /* Base */,
			);
			name = Main.storyboard;
			sourceTree = "<group>";
		};
		5380088922189FEC00CF0ADB /* LaunchScreen.storyboard */ = {
			isa = PBXVariantGroup;
			children = (
				5380088A22189FEC00CF0ADB /* Base */,
			);
			name = LaunchScreen.storyboard;
			sourceTree = "<group>";
		};
/* End PBXVariantGroup section */

/* Begin XCBuildConfiguration section */
		5380088D22189FEC00CF0ADB /* Debug */ = {
			isa = XCBuildConfiguration;
			buildSettings = {
				ALWAYS_SEARCH_USER_PATHS = NO;
				CLANG_ANALYZER_NONNULL = YES;
				CLANG_ANALYZER_NUMBER_OBJECT_CONVERSION = YES_AGGRESSIVE;
				CLANG_CXX_LANGUAGE_STANDARD = "gnu++14";
				CLANG_CXX_LIBRARY = "libc++";
				CLANG_ENABLE_MODULES = YES;
				CLANG_ENABLE_OBJC_ARC = YES;
				CLANG_ENABLE_OBJC_WEAK = YES;
				CLANG_WARN_BLOCK_CAPTURE_AUTORELEASING = YES;
				CLANG_WARN_BOOL_CONVERSION = YES;
				CLANG_WARN_COMMA = YES;
				CLANG_WARN_CONSTANT_CONVERSION = YES;
				CLANG_WARN_DEPRECATED_OBJC_IMPLEMENTATIONS = YES;
				CLANG_WARN_DIRECT_OBJC_ISA_USAGE = YES_ERROR;
				CLANG_WARN_DOCUMENTATION_COMMENTS = YES;
				CLANG_WARN_EMPTY_BODY = YES;
				CLANG_WARN_ENUM_CONVERSION = YES;
				CLANG_WARN_INFINITE_RECURSION = YES;
				CLANG_WARN_INT_CONVERSION = YES;
				CLANG_WARN_NON_LITERAL_NULL_CONVERSION = YES;
				CLANG_WARN_OBJC_IMPLICIT_RETAIN_SELF = YES;
				CLANG_WARN_OBJC_LITERAL_CONVERSION = YES;
				CLANG_WARN_OBJC_ROOT_CLASS = YES_ERROR;
				CLANG_WARN_RANGE_LOOP_ANALYSIS = YES;
				CLANG_WARN_STRICT_PROTOTYPES = YES;
				CLANG_WARN_SUSPICIOUS_MOVE = YES;
				CLANG_WARN_UNGUARDED_AVAILABILITY = YES_AGGRESSIVE;
				CLANG_WARN_UNREACHABLE_CODE = YES;
				CLANG_WARN__DUPLICATE_METHOD_MATCH = YES;
				CODE_SIGN_IDENTITY = "iPhone Developer";
				COPY_PHASE_STRIP = NO;
				DEBUG_INFORMATION_FORMAT = dwarf;
				ENABLE_STRICT_OBJC_MSGSEND = YES;
				ENABLE_TESTABILITY = YES;
				GCC_C_LANGUAGE_STANDARD = gnu11;
				GCC_DYNAMIC_NO_PIC = NO;
				GCC_NO_COMMON_BLOCKS = YES;
				GCC_OPTIMIZATION_LEVEL = 0;
				GCC_PREPROCESSOR_DEFINITIONS = (
					"DEBUG=1",
					"$(inherited)",
				);
				GCC_WARN_64_TO_32_BIT_CONVERSION = YES;
				GCC_WARN_ABOUT_RETURN_TYPE = YES_ERROR;
				GCC_WARN_UNDECLARED_SELECTOR = YES;
				GCC_WARN_UNINITIALIZED_AUTOS = YES_AGGRESSIVE;
				GCC_WARN_UNUSED_FUNCTION = YES;
				GCC_WARN_UNUSED_VARIABLE = YES;
				IPHONEOS_DEPLOYMENT_TARGET = 12.1;
				MTL_ENABLE_DEBUG_INFO = INCLUDE_SOURCE;
				MTL_FAST_MATH = YES;
				ONLY_ACTIVE_ARCH = YES;
				SDKROOT = iphoneos;
				SWIFT_ACTIVE_COMPILATION_CONDITIONS = DEBUG;
				SWIFT_OPTIMIZATION_LEVEL = "-Onone";
			};
			name = Debug;
		};
		5380088E22189FEC00CF0ADB /* Release */ = {
			isa = XCBuildConfiguration;
			buildSettings = {
				ALWAYS_SEARCH_USER_PATHS = NO;
				CLANG_ANALYZER_NONNULL = YES;
				CLANG_ANALYZER_NUMBER_OBJECT_CONVERSION = YES_AGGRESSIVE;
				CLANG_CXX_LANGUAGE_STANDARD = "gnu++14";
				CLANG_CXX_LIBRARY = "libc++";
				CLANG_ENABLE_MODULES = YES;
				CLANG_ENABLE_OBJC_ARC = YES;
				CLANG_ENABLE_OBJC_WEAK = YES;
				CLANG_WARN_BLOCK_CAPTURE_AUTORELEASING = YES;
				CLANG_WARN_BOOL_CONVERSION = YES;
				CLANG_WARN_COMMA = YES;
				CLANG_WARN_CONSTANT_CONVERSION = YES;
				CLANG_WARN_DEPRECATED_OBJC_IMPLEMENTATIONS = YES;
				CLANG_WARN_DIRECT_OBJC_ISA_USAGE = YES_ERROR;
				CLANG_WARN_DOCUMENTATION_COMMENTS = YES;
				CLANG_WARN_EMPTY_BODY = YES;
				CLANG_WARN_ENUM_CONVERSION = YES;
				CLANG_WARN_INFINITE_RECURSION = YES;
				CLANG_WARN_INT_CONVERSION = YES;
				CLANG_WARN_NON_LITERAL_NULL_CONVERSION = YES;
				CLANG_WARN_OBJC_IMPLICIT_RETAIN_SELF = YES;
				CLANG_WARN_OBJC_LITERAL_CONVERSION = YES;
				CLANG_WARN_OBJC_ROOT_CLASS = YES_ERROR;
				CLANG_WARN_RANGE_LOOP_ANALYSIS = YES;
				CLANG_WARN_STRICT_PROTOTYPES = YES;
				CLANG_WARN_SUSPICIOUS_MOVE = YES;
				CLANG_WARN_UNGUARDED_AVAILABILITY = YES_AGGRESSIVE;
				CLANG_WARN_UNREACHABLE_CODE = YES;
				CLANG_WARN__DUPLICATE_METHOD_MATCH = YES;
				CODE_SIGN_IDENTITY = "iPhone Developer";
				COPY_PHASE_STRIP = NO;
				DEBUG_INFORMATION_FORMAT = "dwarf-with-dsym";
				ENABLE_NS_ASSERTIONS = NO;
				ENABLE_STRICT_OBJC_MSGSEND = YES;
				GCC_C_LANGUAGE_STANDARD = gnu11;
				GCC_NO_COMMON_BLOCKS = YES;
				GCC_WARN_64_TO_32_BIT_CONVERSION = YES;
				GCC_WARN_ABOUT_RETURN_TYPE = YES_ERROR;
				GCC_WARN_UNDECLARED_SELECTOR = YES;
				GCC_WARN_UNINITIALIZED_AUTOS = YES_AGGRESSIVE;
				GCC_WARN_UNUSED_FUNCTION = YES;
				GCC_WARN_UNUSED_VARIABLE = YES;
				IPHONEOS_DEPLOYMENT_TARGET = 12.1;
				MTL_ENABLE_DEBUG_INFO = NO;
				MTL_FAST_MATH = YES;
				SDKROOT = iphoneos;
				SWIFT_COMPILATION_MODE = wholemodule;
				SWIFT_OPTIMIZATION_LEVEL = "-O";
				VALIDATE_PRODUCT = YES;
			};
			name = Release;
		};
		5380089022189FEC00CF0ADB /* Debug */ = {
			isa = XCBuildConfiguration;
			baseConfigurationReference = B47F1FA10B0DD9A43F7F4B16 /* Pods-treehacks-mappal-ios.debug.xcconfig */;
			buildSettings = {
				ASSETCATALOG_COMPILER_APPICON_NAME = AppIcon;
				CODE_SIGN_STYLE = Automatic;
				DEVELOPMENT_TEAM = MF3Q5NN553;
				INFOPLIST_FILE = "treehacks-mappal-ios/Info.plist";
				LD_RUNPATH_SEARCH_PATHS = (
					"$(inherited)",
					"@executable_path/Frameworks",
				);
				PRODUCT_BUNDLE_IDENTIFIER = "com.katryo.treehacks-mappal-ios";
				PRODUCT_NAME = "$(TARGET_NAME)";
				SWIFT_VERSION = 4.2;
				TARGETED_DEVICE_FAMILY = "1,2";
			};
			name = Debug;
		};
		5380089122189FEC00CF0ADB /* Release */ = {
			isa = XCBuildConfiguration;
			baseConfigurationReference = 71D981B9590477B142632003 /* Pods-treehacks-mappal-ios.release.xcconfig */;
			buildSettings = {
				ASSETCATALOG_COMPILER_APPICON_NAME = AppIcon;
				CODE_SIGN_STYLE = Automatic;
				DEVELOPMENT_TEAM = MF3Q5NN553;
				INFOPLIST_FILE = "treehacks-mappal-ios/Info.plist";
				LD_RUNPATH_SEARCH_PATHS = (
					"$(inherited)",
					"@executable_path/Frameworks",
				);
				PRODUCT_BUNDLE_IDENTIFIER = "com.katryo.treehacks-mappal-ios";
				PRODUCT_NAME = "$(TARGET_NAME)";
				SWIFT_VERSION = 4.2;
				TARGETED_DEVICE_FAMILY = "1,2";
			};
			name = Release;
		};
		53805CF0224D9F9100206D40 /* Debug */ = {
			isa = XCBuildConfiguration;
			buildSettings = {
				CODE_SIGN_STYLE = Automatic;
				DEVELOPMENT_TEAM = MF3Q5NN553;
				INFOPLIST_FILE = "treehacks-mappal-iosUITests/Info.plist";
				IPHONEOS_DEPLOYMENT_TARGET = 12.2;
				LD_RUNPATH_SEARCH_PATHS = (
					"$(inherited)",
					"@executable_path/Frameworks",
					"@loader_path/Frameworks",
				);
				PRODUCT_BUNDLE_IDENTIFIER = "com.katryo.treehacks-mappal-iosUITests";
				PRODUCT_NAME = "$(TARGET_NAME)";
				SWIFT_VERSION = 5.0;
				TARGETED_DEVICE_FAMILY = "1,2";
				TEST_TARGET_NAME = "treehacks-mappal-ios";
			};
			name = Debug;
		};
		53805CF1224D9F9100206D40 /* Release */ = {
			isa = XCBuildConfiguration;
			buildSettings = {
				CODE_SIGN_STYLE = Automatic;
				DEVELOPMENT_TEAM = MF3Q5NN553;
				INFOPLIST_FILE = "treehacks-mappal-iosUITests/Info.plist";
				IPHONEOS_DEPLOYMENT_TARGET = 12.2;
				LD_RUNPATH_SEARCH_PATHS = (
					"$(inherited)",
					"@executable_path/Frameworks",
					"@loader_path/Frameworks",
				);
				PRODUCT_BUNDLE_IDENTIFIER = "com.katryo.treehacks-mappal-iosUITests";
				PRODUCT_NAME = "$(TARGET_NAME)";
				SWIFT_VERSION = 5.0;
				TARGETED_DEVICE_FAMILY = "1,2";
				TEST_TARGET_NAME = "treehacks-mappal-ios";
			};
			name = Release;
		};
/* End XCBuildConfiguration section */

/* Begin XCConfigurationList section */
		5380087822189FEA00CF0ADB /* Build configuration list for PBXProject "treehacks-mappal-ios" */ = {
			isa = XCConfigurationList;
			buildConfigurations = (
				5380088D22189FEC00CF0ADB /* Debug */,
				5380088E22189FEC00CF0ADB /* Release */,
			);
			defaultConfigurationIsVisible = 0;
			defaultConfigurationName = Release;
		};
		5380088F22189FEC00CF0ADB /* Build configuration list for PBXNativeTarget "treehacks-mappal-ios" */ = {
			isa = XCConfigurationList;
			buildConfigurations = (
				5380089022189FEC00CF0ADB /* Debug */,
				5380089122189FEC00CF0ADB /* Release */,
			);
			defaultConfigurationIsVisible = 0;
			defaultConfigurationName = Release;
		};
		53805CEF224D9F9100206D40 /* Build configuration list for PBXNativeTarget "treehacks-mappal-iosUITests" */ = {
			isa = XCConfigurationList;
			buildConfigurations = (
				53805CF0224D9F9100206D40 /* Debug */,
				53805CF1224D9F9100206D40 /* Release */,
			);
			defaultConfigurationIsVisible = 0;
			defaultConfigurationName = Release;
		};
/* End XCConfigurationList section */
	};
	rootObject = 5380087522189FEA00CF0ADB /* Project object */;
}
